
Microsoft Visual Studio Solution File, Format Version 12.00
# Visual Studio Version 17
VisualStudioVersion = 17.0.31903.59
MinimumVisualStudioVersion = 10.0.40219.1
Project("{F2A71F9B-5D33-465A-A702-920D77279786}") = "testTask", "testTask\testTask.fsproj", "{B1D0B95D-459B-4A28-A78D-B34C496FC523}"
EndProject
Project("{F2A71F9B-5D33-465A-A702-920D77279786}") = "testTests", "testTests\testTests.fsproj", "{B3EEFE59-B990-40F7-94BB-51A17B1DFA18}"
EndProject
Global
	GlobalSection(SolutionConfigurationPlatforms) = preSolution
		Debug|Any CPU = Debug|Any CPU
		Release|Any CPU = Release|Any CPU
	EndGlobalSection
	GlobalSection(SolutionProperties) = preSolution
		HideSolutionNode = FALSE
	EndGlobalSection
	GlobalSection(ProjectConfigurationPlatforms) = postSolution
		{B1D0B95D-459B-4A28-A78D-B34C496FC523}.Debug|Any CPU.ActiveCfg = Debug|Any CPU
		{B1D0B95D-459B-4A28-A78D-B34C496FC523}.Debug|Any CPU.Build.0 = Debug|Any CPU
		{B1D0B95D-459B-4A28-A78D-B34C496FC523}.Release|Any CPU.ActiveCfg = Release|Any CPU
		{B1D0B95D-459B-4A28-A78D-B34C496FC523}.Release|Any CPU.Build.0 = Release|Any CPU
		{B3EEFE59-B990-40F7-94BB-51A17B1DFA18}.Debug|Any CPU.ActiveCfg = Debug|Any CPU
		{B3EEFE59-B990-40F7-94BB-51A17B1DFA18}.Debug|Any CPU.Build.0 = Debug|Any CPU
		{B3EEFE59-B990-40F7-94BB-51A17B1DFA18}.Release|Any CPU.ActiveCfg = Release|Any CPU
		{B3EEFE59-B990-40F7-94BB-51A17B1DFA18}.Release|Any CPU.Build.0 = Release|Any CPU
	EndGlobalSection
EndGlobal
