
Microsoft Visual Studio Solution File, Format Version 12.00
# Visual Studio Version 17
VisualStudioVersion = 17.0.31903.59
MinimumVisualStudioVersion = 10.0.40219.1
Project("{F2A71F9B-5D33-465A-A702-920D77279786}") = "lazy", "lazy\lazy.fsproj", "{1426D9BB-D2A6-40A9-A0C6-440C469AEAE8}"
EndProject
Project("{F2A71F9B-5D33-465A-A702-920D77279786}") = "lazyTests", "lazyTests\lazyTests.fsproj", "{2CAE9648-37BC-42B7-933F-A68DE71E543B}"
EndProject
Global
	GlobalSection(SolutionConfigurationPlatforms) = preSolution
		Debug|Any CPU = Debug|Any CPU
		Release|Any CPU = Release|Any CPU
	EndGlobalSection
	GlobalSection(SolutionProperties) = preSolution
		HideSolutionNode = FALSE
	EndGlobalSection
	GlobalSection(ProjectConfigurationPlatforms) = postSolution
		{1426D9BB-D2A6-40A9-A0C6-440C469AEAE8}.Debug|Any CPU.ActiveCfg = Debug|Any CPU
		{1426D9BB-D2A6-40A9-A0C6-440C469AEAE8}.Debug|Any CPU.Build.0 = Debug|Any CPU
		{1426D9BB-D2A6-40A9-A0C6-440C469AEAE8}.Release|Any CPU.ActiveCfg = Release|Any CPU
		{1426D9BB-D2A6-40A9-A0C6-440C469AEAE8}.Release|Any CPU.Build.0 = Release|Any CPU
		{2CAE9648-37BC-42B7-933F-A68DE71E543B}.Debug|Any CPU.ActiveCfg = Debug|Any CPU
		{2CAE9648-37BC-42B7-933F-A68DE71E543B}.Debug|Any CPU.Build.0 = Debug|Any CPU
		{2CAE9648-37BC-42B7-933F-A68DE71E543B}.Release|Any CPU.ActiveCfg = Release|Any CPU
		{2CAE9648-37BC-42B7-933F-A68DE71E543B}.Release|Any CPU.Build.0 = Release|Any CPU
	EndGlobalSection
EndGlobal
